// !$*UTF8*$!
{
	archiveVersion = 1;
	classes = {
	};
	objectVersion = 46;
	objects = {

/* Begin PBXBuildFile section */
		3B1977D6E1589514E154C139 /* libPods-iama.a in Frameworks */ = {isa = PBXBuildFile; fileRef = AF509B577D38D738951E35E9 /* libPods-iama.a */; };
		8DA7767A1B9060A4001D4EF6 /* main.m in Sources */ = {isa = PBXBuildFile; fileRef = 8DA776791B9060A4001D4EF6 /* main.m */; };
		8DA7767D1B9060A4001D4EF6 /* AppDelegate.m in Sources */ = {isa = PBXBuildFile; fileRef = 8DA7767C1B9060A4001D4EF6 /* AppDelegate.m */; };
		8DA776801B9060A4001D4EF6 /* FirstViewController.m in Sources */ = {isa = PBXBuildFile; fileRef = 8DA7767F1B9060A4001D4EF6 /* FirstViewController.m */; };
		8DA776831B9060A4001D4EF6 /* SecondViewController.m in Sources */ = {isa = PBXBuildFile; fileRef = 8DA776821B9060A4001D4EF6 /* SecondViewController.m */; };
		8DA776861B9060A4001D4EF6 /* Main.storyboard in Resources */ = {isa = PBXBuildFile; fileRef = 8DA776841B9060A4001D4EF6 /* Main.storyboard */; };
		8DA776881B9060A4001D4EF6 /* Images.xcassets in Resources */ = {isa = PBXBuildFile; fileRef = 8DA776871B9060A4001D4EF6 /* Images.xcassets */; };
		8DA7768B1B9060A4001D4EF6 /* LaunchScreen.xib in Resources */ = {isa = PBXBuildFile; fileRef = 8DA776891B9060A4001D4EF6 /* LaunchScreen.xib */; };
		8DA776971B9060A4001D4EF6 /* iamaTests.m in Sources */ = {isa = PBXBuildFile; fileRef = 8DA776961B9060A4001D4EF6 /* iamaTests.m */; };
/* End PBXBuildFile section */

/* Begin PBXContainerItemProxy section */
		8DA776911B9060A4001D4EF6 /* PBXContainerItemProxy */ = {
			isa = PBXContainerItemProxy;
			containerPortal = 8DA7766C1B9060A4001D4EF6 /* Project object */;
			proxyType = 1;
			remoteGlobalIDString = 8DA776731B9060A4001D4EF6;
			remoteInfo = iama;
		};
/* End PBXContainerItemProxy section */

/* Begin PBXFileReference section */
		2736CB5682868E51734B4F58 /* Pods-iama.debug.xcconfig */ = {isa = PBXFileReference; includeInIndex = 1; lastKnownFileType = text.xcconfig; name = "Pods-iama.debug.xcconfig"; path = "Pods/Target Support Files/Pods-iama/Pods-iama.debug.xcconfig"; sourceTree = "<group>"; };
		8DA776741B9060A4001D4EF6 /* iama.app */ = {isa = PBXFileReference; explicitFileType = wrapper.application; includeInIndex = 0; path = iama.app; sourceTree = BUILT_PRODUCTS_DIR; };
		8DA776781B9060A4001D4EF6 /* Info.plist */ = {isa = PBXFileReference; lastKnownFileType = text.plist.xml; path = Info.plist; sourceTree = "<group>"; };
		8DA776791B9060A4001D4EF6 /* main.m */ = {isa = PBXFileReference; lastKnownFileType = sourcecode.c.objc; path = main.m; sourceTree = "<group>"; };
		8DA7767B1B9060A4001D4EF6 /* AppDelegate.h */ = {isa = PBXFileReference; lastKnownFileType = sourcecode.c.h; path = AppDelegate.h; sourceTree = "<group>"; };
		8DA7767C1B9060A4001D4EF6 /* AppDelegate.m */ = {isa = PBXFileReference; lastKnownFileType = sourcecode.c.objc; path = AppDelegate.m; sourceTree = "<group>"; };
		8DA7767E1B9060A4001D4EF6 /* FirstViewController.h */ = {isa = PBXFileReference; lastKnownFileType = sourcecode.c.h; path = FirstViewController.h; sourceTree = "<group>"; };
		8DA7767F1B9060A4001D4EF6 /* FirstViewController.m */ = {isa = PBXFileReference; lastKnownFileType = sourcecode.c.objc; path = FirstViewController.m; sourceTree = "<group>"; };
		8DA776811B9060A4001D4EF6 /* SecondViewController.h */ = {isa = PBXFileReference; lastKnownFileType = sourcecode.c.h; path = SecondViewController.h; sourceTree = "<group>"; };
		8DA776821B9060A4001D4EF6 /* SecondViewController.m */ = {isa = PBXFileReference; lastKnownFileType = sourcecode.c.objc; path = SecondViewController.m; sourceTree = "<group>"; };
		8DA776851B9060A4001D4EF6 /* Base */ = {isa = PBXFileReference; lastKnownFileType = file.storyboard; name = Base; path = Base.lproj/Main.storyboard; sourceTree = "<group>"; };
		8DA776871B9060A4001D4EF6 /* Images.xcassets */ = {isa = PBXFileReference; lastKnownFileType = folder.assetcatalog; path = Images.xcassets; sourceTree = "<group>"; };
		8DA7768A1B9060A4001D4EF6 /* Base */ = {isa = PBXFileReference; lastKnownFileType = file.xib; name = Base; path = Base.lproj/LaunchScreen.xib; sourceTree = "<group>"; };
		8DA776901B9060A4001D4EF6 /* iamaTests.xctest */ = {isa = PBXFileReference; explicitFileType = wrapper.cfbundle; includeInIndex = 0; path = iamaTests.xctest; sourceTree = BUILT_PRODUCTS_DIR; };
		8DA776951B9060A4001D4EF6 /* Info.plist */ = {isa = PBXFileReference; lastKnownFileType = text.plist.xml; path = Info.plist; sourceTree = "<group>"; };
		8DA776961B9060A4001D4EF6 /* iamaTests.m */ = {isa = PBXFileReference; lastKnownFileType = sourcecode.c.objc; path = iamaTests.m; sourceTree = "<group>"; };
		9085671ED13E2B489F10C93D /* Pods-iama.release.xcconfig */ = {isa = PBXFileReference; includeInIndex = 1; lastKnownFileType = text.xcconfig; name = "Pods-iama.release.xcconfig"; path = "Pods/Target Support Files/Pods-iama/Pods-iama.release.xcconfig"; sourceTree = "<group>"; };
		AF509B577D38D738951E35E9 /* libPods-iama.a */ = {isa = PBXFileReference; explicitFileType = archive.ar; includeInIndex = 0; path = "libPods-iama.a"; sourceTree = BUILT_PRODUCTS_DIR; };
/* End PBXFileReference section */

/* Begin PBXFrameworksBuildPhase section */
		8DA776711B9060A4001D4EF6 /* Frameworks */ = {
			isa = PBXFrameworksBuildPhase;
			buildActionMask = 2147483647;
			files = (
				3B1977D6E1589514E154C139 /* libPods-iama.a in Frameworks */,
			);
			runOnlyForDeploymentPostprocessing = 0;
		};
		8DA7768D1B9060A4001D4EF6 /* Frameworks */ = {
			isa = PBXFrameworksBuildPhase;
			buildActionMask = 2147483647;
			files = (
			);
			runOnlyForDeploymentPostprocessing = 0;
		};
/* End PBXFrameworksBuildPhase section */

/* Begin PBXGroup section */
		1A954F257A19FD3651F865DD /* Pods */ = {
			isa = PBXGroup;
			children = (
				2736CB5682868E51734B4F58 /* Pods-iama.debug.xcconfig */,
				9085671ED13E2B489F10C93D /* Pods-iama.release.xcconfig */,
			);
			name = Pods;
			sourceTree = "<group>";
		};
		289AC18BB591738A07C87F19 /* Frameworks */ = {
			isa = PBXGroup;
			children = (
				AF509B577D38D738951E35E9 /* libPods-iama.a */,
			);
			name = Frameworks;
			sourceTree = "<group>";
		};
		8DA7766B1B9060A4001D4EF6 = {
			isa = PBXGroup;
			children = (
				8DA776761B9060A4001D4EF6 /* iama */,
				8DA776931B9060A4001D4EF6 /* iamaTests */,
				8DA776751B9060A4001D4EF6 /* Products */,
				1A954F257A19FD3651F865DD /* Pods */,
				289AC18BB591738A07C87F19 /* Frameworks */,
			);
			sourceTree = "<group>";
		};
		8DA776751B9060A4001D4EF6 /* Products */ = {
			isa = PBXGroup;
			children = (
				8DA776741B9060A4001D4EF6 /* iama.app */,
				8DA776901B9060A4001D4EF6 /* iamaTests.xctest */,
			);
			name = Products;
			sourceTree = "<group>";
		};
		8DA776761B9060A4001D4EF6 /* iama */ = {
			isa = PBXGroup;
			children = (
				8DA7767B1B9060A4001D4EF6 /* AppDelegate.h */,
				8DA7767C1B9060A4001D4EF6 /* AppDelegate.m */,
				8DA7767E1B9060A4001D4EF6 /* FirstViewController.h */,
				8DA7767F1B9060A4001D4EF6 /* FirstViewController.m */,
				8DA776811B9060A4001D4EF6 /* SecondViewController.h */,
				8DA776821B9060A4001D4EF6 /* SecondViewController.m */,
				8DA776841B9060A4001D4EF6 /* Main.storyboard */,
				8DA776871B9060A4001D4EF6 /* Images.xcassets */,
				8DA776891B9060A4001D4EF6 /* LaunchScreen.xib */,
				8DA776771B9060A4001D4EF6 /* Supporting Files */,
			);
			path = iama;
			sourceTree = "<group>";
		};
		8DA776771B9060A4001D4EF6 /* Supporting Files */ = {
			isa = PBXGroup;
			children = (
				8DA776781B9060A4001D4EF6 /* Info.plist */,
				8DA776791B9060A4001D4EF6 /* main.m */,
			);
			name = "Supporting Files";
			sourceTree = "<group>";
		};
		8DA776931B9060A4001D4EF6 /* iamaTests */ = {
			isa = PBXGroup;
			children = (
				8DA776961B9060A4001D4EF6 /* iamaTests.m */,
				8DA776941B9060A4001D4EF6 /* Supporting Files */,
			);
			path = iamaTests;
			sourceTree = "<group>";
		};
		8DA776941B9060A4001D4EF6 /* Supporting Files */ = {
			isa = PBXGroup;
			children = (
				8DA776951B9060A4001D4EF6 /* Info.plist */,
			);
			name = "Supporting Files";
			sourceTree = "<group>";
		};
/* End PBXGroup section */

/* Begin PBXNativeTarget section */
		8DA776731B9060A4001D4EF6 /* iama */ = {
			isa = PBXNativeTarget;
			buildConfigurationList = 8DA7769A1B9060A4001D4EF6 /* Build configuration list for PBXNativeTarget "iama" */;
			buildPhases = (
				384203758D808AD24CA40EBF /* Check Pods Manifest.lock */,
				8DA776701B9060A4001D4EF6 /* Sources */,
				8DA776711B9060A4001D4EF6 /* Frameworks */,
				8DA776721B9060A4001D4EF6 /* Resources */,
				2BB7C46496C6ECBD4E58E34A /* Copy Pods Resources */,
			);
			buildRules = (
			);
			dependencies = (
			);
			name = iama;
			productName = iama;
			productReference = 8DA776741B9060A4001D4EF6 /* iama.app */;
			productType = "com.apple.product-type.application";
		};
		8DA7768F1B9060A4001D4EF6 /* iamaTests */ = {
			isa = PBXNativeTarget;
			buildConfigurationList = 8DA7769D1B9060A4001D4EF6 /* Build configuration list for PBXNativeTarget "iamaTests" */;
			buildPhases = (
				8DA7768C1B9060A4001D4EF6 /* Sources */,
				8DA7768D1B9060A4001D4EF6 /* Frameworks */,
				8DA7768E1B9060A4001D4EF6 /* Resources */,
			);
			buildRules = (
			);
			dependencies = (
				8DA776921B9060A4001D4EF6 /* PBXTargetDependency */,
			);
			name = iamaTests;
			productName = iamaTests;
			productReference = 8DA776901B9060A4001D4EF6 /* iamaTests.xctest */;
			productType = "com.apple.product-type.bundle.unit-test";
		};
/* End PBXNativeTarget section */

/* Begin PBXProject section */
		8DA7766C1B9060A4001D4EF6 /* Project object */ = {
			isa = PBXProject;
			attributes = {
				LastUpgradeCheck = 0640;
				ORGANIZATIONNAME = Vicent;
				TargetAttributes = {
					8DA776731B9060A4001D4EF6 = {
						CreatedOnToolsVersion = 6.4;
					};
					8DA7768F1B9060A4001D4EF6 = {
						CreatedOnToolsVersion = 6.4;
						TestTargetID = 8DA776731B9060A4001D4EF6;
					};
				};
			};
			buildConfigurationList = 8DA7766F1B9060A4001D4EF6 /* Build configuration list for PBXProject "iama" */;
			compatibilityVersion = "Xcode 3.2";
			developmentRegion = English;
			hasScannedForEncodings = 0;
			knownRegions = (
				en,
				Base,
			);
			mainGroup = 8DA7766B1B9060A4001D4EF6;
			productRefGroup = 8DA776751B9060A4001D4EF6 /* Products */;
			projectDirPath = "";
			projectRoot = "";
			targets = (
				8DA776731B9060A4001D4EF6 /* iama */,
				8DA7768F1B9060A4001D4EF6 /* iamaTests */,
			);
		};
/* End PBXProject section */

/* Begin PBXResourcesBuildPhase section */
		8DA776721B9060A4001D4EF6 /* Resources */ = {
			isa = PBXResourcesBuildPhase;
			buildActionMask = 2147483647;
			files = (
				8DA776861B9060A4001D4EF6 /* Main.storyboard in Resources */,
				8DA7768B1B9060A4001D4EF6 /* LaunchScreen.xib in Resources */,
				8DA776881B9060A4001D4EF6 /* Images.xcassets in Resources */,
			);
			runOnlyForDeploymentPostprocessing = 0;
		};
		8DA7768E1B9060A4001D4EF6 /* Resources */ = {
			isa = PBXResourcesBuildPhase;
			buildActionMask = 2147483647;
			files = (
			);
			runOnlyForDeploymentPostprocessing = 0;
		};
/* End PBXResourcesBuildPhase section */

/* Begin PBXShellScriptBuildPhase section */
		2BB7C46496C6ECBD4E58E34A /* Copy Pods Resources */ = {
			isa = PBXShellScriptBuildPhase;
			buildActionMask = 2147483647;
			files = (
			);
			inputPaths = (
			);
			name = "Copy Pods Resources";
			outputPaths = (
			);
			runOnlyForDeploymentPostprocessing = 0;
			shellPath = /bin/sh;
			shellScript = "\"${SRCROOT}/Pods/Target Support Files/Pods-iama/Pods-iama-resources.sh\"\n";
			showEnvVarsInLog = 0;
		};
		384203758D808AD24CA40EBF /* Check Pods Manifest.lock */ = {
			isa = PBXShellScriptBuildPhase;
			buildActionMask = 2147483647;
			files = (
			);
			inputPaths = (
			);
			name = "Check Pods Manifest.lock";
			outputPaths = (
			);
			runOnlyForDeploymentPostprocessing = 0;
			shellPath = /bin/sh;
			shellScript = "diff \"${PODS_ROOT}/../Podfile.lock\" \"${PODS_ROOT}/Manifest.lock\" > /dev/null\nif [[ $? != 0 ]] ; then\n    cat << EOM\nerror: The sandbox is not in sync with the Podfile.lock. Run 'pod install' or update your CocoaPods installation.\nEOM\n    exit 1\nfi\n";
			showEnvVarsInLog = 0;
		};
/* End PBXShellScriptBuildPhase section */

/* Begin PBXSourcesBuildPhase section */
		8DA776701B9060A4001D4EF6 /* Sources */ = {
			isa = PBXSourcesBuildPhase;
			buildActionMask = 2147483647;
			files = (
				8DA776831B9060A4001D4EF6 /* SecondViewController.m in Sources */,
				8DA7767D1B9060A4001D4EF6 /* AppDelegate.m in Sources */,
				8DA776801B9060A4001D4EF6 /* FirstViewController.m in Sources */,
				8DA7767A1B9060A4001D4EF6 /* main.m in Sources */,
			);
			runOnlyForDeploymentPostprocessing = 0;
		};
		8DA7768C1B9060A4001D4EF6 /* Sources */ = {
			isa = PBXSourcesBuildPhase;
			buildActionMask = 2147483647;
			files = (
				8DA776971B9060A4001D4EF6 /* iamaTests.m in Sources */,
			);
			runOnlyForDeploymentPostprocessing = 0;
		};
/* End PBXSourcesBuildPhase section */

/* Begin PBXTargetDependency section */
		8DA776921B9060A4001D4EF6 /* PBXTargetDependency */ = {
			isa = PBXTargetDependency;
			target = 8DA776731B9060A4001D4EF6 /* iama */;
			targetProxy = 8DA776911B9060A4001D4EF6 /* PBXContainerItemProxy */;
		};
/* End PBXTargetDependency section */

/* Begin PBXVariantGroup section */
		8DA776841B9060A4001D4EF6 /* Main.storyboard */ = {
			isa = PBXVariantGroup;
			children = (
				8DA776851B9060A4001D4EF6 /* Base */,
			);
			name = Main.storyboard;
			sourceTree = "<group>";
		};
		8DA776891B9060A4001D4EF6 /* LaunchScreen.xib */ = {
			isa = PBXVariantGroup;
			children = (
				8DA7768A1B9060A4001D4EF6 /* Base */,
			);
			name = LaunchScreen.xib;
			sourceTree = "<group>";
		};
/* End PBXVariantGroup section */

/* Begin XCBuildConfiguration section */
		8DA776981B9060A4001D4EF6 /* Debug */ = {
			isa = XCBuildConfiguration;
			buildSettings = {
				ALWAYS_SEARCH_USER_PATHS = NO;
				CLANG_CXX_LANGUAGE_STANDARD = "gnu++0x";
				CLANG_CXX_LIBRARY = "libc++";
				CLANG_ENABLE_MODULES = YES;
				CLANG_ENABLE_OBJC_ARC = YES;
				CLANG_WARN_BOOL_CONVERSION = YES;
				CLANG_WARN_CONSTANT_CONVERSION = YES;
				CLANG_WARN_DIRECT_OBJC_ISA_USAGE = YES_ERROR;
				CLANG_WARN_EMPTY_BODY = YES;
				CLANG_WARN_ENUM_CONVERSION = YES;
				CLANG_WARN_INT_CONVERSION = YES;
				CLANG_WARN_OBJC_ROOT_CLASS = YES_ERROR;
				CLANG_WARN_UNREACHABLE_CODE = YES;
				CLANG_WARN__DUPLICATE_METHOD_MATCH = YES;
				"CODE_SIGN_IDENTITY[sdk=iphoneos*]" = "iPhone Developer";
				COPY_PHASE_STRIP = NO;
				DEBUG_INFORMATION_FORMAT = "dwarf-with-dsym";
				ENABLE_STRICT_OBJC_MSGSEND = YES;
				GCC_C_LANGUAGE_STANDARD = gnu99;
				GCC_DYNAMIC_NO_PIC = NO;
				GCC_NO_COMMON_BLOCKS = YES;
				GCC_OPTIMIZATION_LEVEL = 0;
				GCC_PREPROCESSOR_DEFINITIONS = (
					"DEBUG=1",
					"$(inherited)",
				);
				GCC_SYMBOLS_PRIVATE_EXTERN = NO;
				GCC_WARN_64_TO_32_BIT_CONVERSION = YES;
				GCC_WARN_ABOUT_RETURN_TYPE = YES_ERROR;
				GCC_WARN_UNDECLARED_SELECTOR = YES;
				GCC_WARN_UNINITIALIZED_AUTOS = YES_AGGRESSIVE;
				GCC_WARN_UNUSED_FUNCTION = YES;
				GCC_WARN_UNUSED_VARIABLE = YES;
				IPHONEOS_DEPLOYMENT_TARGET = 8.4;
				MTL_ENABLE_DEBUG_INFO = YES;
				ONLY_ACTIVE_ARCH = YES;
				SDKROOT = iphoneos;
				TARGETED_DEVICE_FAMILY = "1,2";
			};
			name = Debug;
		};
		8DA776991B9060A4001D4EF6 /* Release */ = {
			isa = XCBuildConfiguration;
			buildSettings = {
				ALWAYS_SEARCH_USER_PATHS = NO;
				CLANG_CXX_LANGUAGE_STANDARD = "gnu++0x";
				CLANG_CXX_LIBRARY = "libc++";
				CLANG_ENABLE_MODULES = YES;
				CLANG_ENABLE_OBJC_ARC = YES;
				CLANG_WARN_BOOL_CONVERSION = YES;
				CLANG_WARN_CONSTANT_CONVERSION = YES;
				CLANG_WARN_DIRECT_OBJC_ISA_USAGE = YES_ERROR;
				CLANG_WARN_EMPTY_BODY = YES;
				CLANG_WARN_ENUM_CONVERSION = YES;
				CLANG_WARN_INT_CONVERSION = YES;
				CLANG_WARN_OBJC_ROOT_CLASS = YES_ERROR;
				CLANG_WARN_UNREACHABLE_CODE = YES;
				CLANG_WARN__DUPLICATE_METHOD_MATCH = YES;
				"CODE_SIGN_IDENTITY[sdk=iphoneos*]" = "iPhone Developer";
				COPY_PHASE_STRIP = NO;
				DEBUG_INFORMATION_FORMAT = "dwarf-with-dsym";
				ENABLE_NS_ASSERTIONS = NO;
				ENABLE_STRICT_OBJC_MSGSEND = YES;
				GCC_C_LANGUAGE_STANDARD = gnu99;
				GCC_NO_COMMON_BLOCKS = YES;
				GCC_WARN_64_TO_32_BIT_CONVERSION = YES;
				GCC_WARN_ABOUT_RETURN_TYPE = YES_ERROR;
				GCC_WARN_UNDECLARED_SELECTOR = YES;
				GCC_WARN_UNINITIALIZED_AUTOS = YES_AGGRESSIVE;
				GCC_WARN_UNUSED_FUNCTION = YES;
				GCC_WARN_UNUSED_VARIABLE = YES;
				IPHONEOS_DEPLOYMENT_TARGET = 8.4;
				MTL_ENABLE_DEBUG_INFO = NO;
				SDKROOT = iphoneos;
				TARGETED_DEVICE_FAMILY = "1,2";
				VALIDATE_PRODUCT = YES;
			};
			name = Release;
		};
		8DA7769B1B9060A4001D4EF6 /* Debug */ = {
			isa = XCBuildConfiguration;
			baseConfigurationReference = 2736CB5682868E51734B4F58 /* Pods-iama.debug.xcconfig */;
			buildSettings = {
				ASSETCATALOG_COMPILER_APPICON_NAME = AppIcon;
				INFOPLIST_FILE = iama/Info.plist;
				LD_RUNPATH_SEARCH_PATHS = "$(inherited) @executable_path/Frameworks";
				PRODUCT_NAME = "$(TARGET_NAME)";
			};
			name = Debug;
		};
		8DA7769C1B9060A4001D4EF6 /* Release */ = {
			isa = XCBuildConfiguration;
			baseConfigurationReference = 9085671ED13E2B489F10C93D /* Pods-iama.release.xcconfig */;
			buildSettings = {
				ASSETCATALOG_COMPILER_APPICON_NAME = AppIcon;
				INFOPLIST_FILE = iama/Info.plist;
				LD_RUNPATH_SEARCH_PATHS = "$(inherited) @executable_path/Frameworks";
				PRODUCT_NAME = "$(TARGET_NAME)";
			};
			name = Release;
		};
		8DA7769E1B9060A4001D4EF6 /* Debug */ = {
			isa = XCBuildConfiguration;
			buildSettings = {
				BUNDLE_LOADER = "$(TEST_HOST)";
				FRAMEWORK_SEARCH_PATHS = (
					"$(SDKROOT)/Developer/Library/Frameworks",
					"$(inherited)",
				);
				GCC_PREPROCESSOR_DEFINITIONS = (
					"DEBUG=1",
					"$(inherited)",
				);
				INFOPLIST_FILE = iamaTests/Info.plist;
				LD_RUNPATH_SEARCH_PATHS = "$(inherited) @executable_path/Frameworks @loader_path/Frameworks";
				PRODUCT_NAME = "$(TARGET_NAME)";
				TEST_HOST = "$(BUILT_PRODUCTS_DIR)/iama.app/iama";
			};
			name = Debug;
		};
		8DA7769F1B9060A4001D4EF6 /* Release */ = {
			isa = XCBuildConfiguration;
			buildSettings = {
				BUNDLE_LOADER = "$(TEST_HOST)";
				FRAMEWORK_SEARCH_PATHS = (
					"$(SDKROOT)/Developer/Library/Frameworks",
					"$(inherited)",
				);
				INFOPLIST_FILE = iamaTests/Info.plist;
				LD_RUNPATH_SEARCH_PATHS = "$(inherited) @executable_path/Frameworks @loader_path/Frameworks";
				PRODUCT_NAME = "$(TARGET_NAME)";
				TEST_HOST = "$(BUILT_PRODUCTS_DIR)/iama.app/iama";
			};
			name = Release;
		};
/* End XCBuildConfiguration section */

/* Begin XCConfigurationList section */
		8DA7766F1B9060A4001D4EF6 /* Build configuration list for PBXProject "iama" */ = {
			isa = XCConfigurationList;
			buildConfigurations = (
				8DA776981B9060A4001D4EF6 /* Debug */,
				8DA776991B9060A4001D4EF6 /* Release */,
			);
			defaultConfigurationIsVisible = 0;
			defaultConfigurationName = Release;
		};
		8DA7769A1B9060A4001D4EF6 /* Build configuration list for PBXNativeTarget "iama" */ = {
			isa = XCConfigurationList;
			buildConfigurations = (
				8DA7769B1B9060A4001D4EF6 /* Debug */,
				8DA7769C1B9060A4001D4EF6 /* Release */,
			);
			defaultConfigurationIsVisible = 0;
			defaultConfigurationName = Release;
		};
		8DA7769D1B9060A4001D4EF6 /* Build configuration list for PBXNativeTarget "iamaTests" */ = {
			isa = XCConfigurationList;
			buildConfigurations = (
				8DA7769E1B9060A4001D4EF6 /* Debug */,
				8DA7769F1B9060A4001D4EF6 /* Release */,
			);
			defaultConfigurationIsVisible = 0;
			defaultConfigurationName = Release;
		};
/* End XCConfigurationList section */
	};
	rootObject = 8DA7766C1B9060A4001D4EF6 /* Project object */;
}
